[[package]]
name = "aho-corasick"
version = "0.6.10"
source = "registry+https://github.com/rust-lang/crates.io-index"
dependencies = [
 "memchr 2.2.0 (registry+https://github.com/rust-lang/crates.io-index)",
]

[[package]]
name = "approx"
version = "0.3.1"
source = "registry+https://github.com/rust-lang/crates.io-index"
dependencies = [
 "num-traits 0.2.6 (registry+https://github.com/rust-lang/crates.io-index)",
]

[[package]]
name = "arrayvec"
version = "0.4.10"
source = "registry+https://github.com/rust-lang/crates.io-index"
dependencies = [
 "nodrop 0.1.13 (registry+https://github.com/rust-lang/crates.io-index)",
]

[[package]]
name = "atty"
version = "0.2.11"
source = "registry+https://github.com/rust-lang/crates.io-index"
dependencies = [
 "libc 0.2.50 (registry+https://github.com/rust-lang/crates.io-index)",
 "termion 1.5.1 (registry+https://github.com/rust-lang/crates.io-index)",
 "winapi 0.3.6 (registry+https://github.com/rust-lang/crates.io-index)",
]

[[package]]
name = "autocfg"
version = "0.1.2"
source = "registry+https://github.com/rust-lang/crates.io-index"

[[package]]
name = "backtrace"
version = "0.3.14"
source = "registry+https://github.com/rust-lang/crates.io-index"
dependencies = [
 "autocfg 0.1.2 (registry+https://github.com/rust-lang/crates.io-index)",
 "backtrace-sys 0.1.28 (registry+https://github.com/rust-lang/crates.io-index)",
 "cfg-if 0.1.7 (registry+https://github.com/rust-lang/crates.io-index)",
 "libc 0.2.50 (registry+https://github.com/rust-lang/crates.io-index)",
 "rustc-demangle 0.1.13 (registry+https://github.com/rust-lang/crates.io-index)",
 "winapi 0.3.6 (registry+https://github.com/rust-lang/crates.io-index)",
]

[[package]]
name = "backtrace-sys"
version = "0.1.28"
source = "registry+https://github.com/rust-lang/crates.io-index"
dependencies = [
 "cc 1.0.30 (registry+https://github.com/rust-lang/crates.io-index)",
 "libc 0.2.50 (registry+https://github.com/rust-lang/crates.io-index)",
]

[[package]]
name = "byteorder"
version = "1.3.1"
source = "registry+https://github.com/rust-lang/crates.io-index"

[[package]]
name = "cc"
version = "1.0.30"
source = "registry+https://github.com/rust-lang/crates.io-index"

[[package]]
name = "cfg-if"
version = "0.1.7"
source = "registry+https://github.com/rust-lang/crates.io-index"

[[package]]
name = "emigui"
version = "0.1.0"
dependencies = [
 "rusttype 0.7.5 (registry+https://github.com/rust-lang/crates.io-index)",
 "serde 1.0.89 (registry+https://github.com/rust-lang/crates.io-index)",
 "serde_derive 1.0.89 (registry+https://github.com/rust-lang/crates.io-index)",
]

[[package]]
name = "emigui_wasm"
version = "0.1.0"
dependencies = [
 "emigui 0.1.0",
 "js-sys 0.3.15 (registry+https://github.com/rust-lang/crates.io-index)",
 "serde 1.0.89 (registry+https://github.com/rust-lang/crates.io-index)",
 "serde_json 1.0.39 (registry+https://github.com/rust-lang/crates.io-index)",
 "wasm-bindgen 0.2.38 (registry+https://github.com/rust-lang/crates.io-index)",
 "web-sys 0.3.15 (registry+https://github.com/rust-lang/crates.io-index)",
]

[[package]]
name = "env_logger"
version = "0.6.1"
source = "registry+https://github.com/rust-lang/crates.io-index"
dependencies = [
 "atty 0.2.11 (registry+https://github.com/rust-lang/crates.io-index)",
 "humantime 1.2.0 (registry+https://github.com/rust-lang/crates.io-index)",
 "log 0.4.6 (registry+https://github.com/rust-lang/crates.io-index)",
 "regex 1.1.2 (registry+https://github.com/rust-lang/crates.io-index)",
 "termcolor 1.0.4 (registry+https://github.com/rust-lang/crates.io-index)",
]

[[package]]
name = "example"
version = "0.1.0"
dependencies = [
 "emigui 0.1.0",
 "emigui_wasm 0.1.0",
 "serde 1.0.89 (registry+https://github.com/rust-lang/crates.io-index)",
 "serde_json 1.0.39 (registry+https://github.com/rust-lang/crates.io-index)",
 "wasm-bindgen 0.2.38 (registry+https://github.com/rust-lang/crates.io-index)",
]

[[package]]
name = "failure"
version = "0.1.5"
source = "registry+https://github.com/rust-lang/crates.io-index"
dependencies = [
 "backtrace 0.3.14 (registry+https://github.com/rust-lang/crates.io-index)",
 "failure_derive 0.1.5 (registry+https://github.com/rust-lang/crates.io-index)",
]

[[package]]
name = "failure_derive"
version = "0.1.5"
source = "registry+https://github.com/rust-lang/crates.io-index"
dependencies = [
 "proc-macro2 0.4.27 (registry+https://github.com/rust-lang/crates.io-index)",
 "quote 0.6.11 (registry+https://github.com/rust-lang/crates.io-index)",
 "syn 0.15.29 (registry+https://github.com/rust-lang/crates.io-index)",
 "synstructure 0.10.1 (registry+https://github.com/rust-lang/crates.io-index)",
]

[[package]]
name = "heck"
version = "0.3.1"
source = "registry+https://github.com/rust-lang/crates.io-index"
dependencies = [
 "unicode-segmentation 1.2.1 (registry+https://github.com/rust-lang/crates.io-index)",
]

[[package]]
name = "humantime"
version = "1.2.0"
source = "registry+https://github.com/rust-lang/crates.io-index"
dependencies = [
 "quick-error 1.2.2 (registry+https://github.com/rust-lang/crates.io-index)",
]

[[package]]
name = "itoa"
version = "0.4.3"
source = "registry+https://github.com/rust-lang/crates.io-index"

[[package]]
name = "js-sys"
version = "0.3.15"
source = "registry+https://github.com/rust-lang/crates.io-index"
dependencies = [
 "wasm-bindgen 0.2.38 (registry+https://github.com/rust-lang/crates.io-index)",
]

[[package]]
name = "lazy_static"
version = "1.3.0"
source = "registry+https://github.com/rust-lang/crates.io-index"

[[package]]
name = "libc"
version = "0.2.50"
source = "registry+https://github.com/rust-lang/crates.io-index"

[[package]]
name = "log"
version = "0.4.6"
source = "registry+https://github.com/rust-lang/crates.io-index"
dependencies = [
 "cfg-if 0.1.7 (registry+https://github.com/rust-lang/crates.io-index)",
]

[[package]]
name = "memchr"
version = "2.2.0"
source = "registry+https://github.com/rust-lang/crates.io-index"

[[package]]
name = "nodrop"
version = "0.1.13"
source = "registry+https://github.com/rust-lang/crates.io-index"

[[package]]
name = "nom"
version = "4.2.2"
source = "registry+https://github.com/rust-lang/crates.io-index"
dependencies = [
 "memchr 2.2.0 (registry+https://github.com/rust-lang/crates.io-index)",
 "version_check 0.1.5 (registry+https://github.com/rust-lang/crates.io-index)",
]

[[package]]
name = "num-traits"
version = "0.2.6"
source = "registry+https://github.com/rust-lang/crates.io-index"

[[package]]
name = "ordered-float"
version = "1.0.1"
source = "registry+https://github.com/rust-lang/crates.io-index"
dependencies = [
 "num-traits 0.2.6 (registry+https://github.com/rust-lang/crates.io-index)",
]

[[package]]
name = "proc-macro2"
version = "0.4.27"
source = "registry+https://github.com/rust-lang/crates.io-index"
dependencies = [
 "unicode-xid 0.1.0 (registry+https://github.com/rust-lang/crates.io-index)",
]

[[package]]
name = "quick-error"
version = "1.2.2"
source = "registry+https://github.com/rust-lang/crates.io-index"

[[package]]
name = "quote"
version = "0.6.11"
source = "registry+https://github.com/rust-lang/crates.io-index"
dependencies = [
 "proc-macro2 0.4.27 (registry+https://github.com/rust-lang/crates.io-index)",
]

[[package]]
name = "redox_syscall"
version = "0.1.51"
source = "registry+https://github.com/rust-lang/crates.io-index"

[[package]]
name = "redox_termios"
version = "0.1.1"
source = "registry+https://github.com/rust-lang/crates.io-index"
dependencies = [
 "redox_syscall 0.1.51 (registry+https://github.com/rust-lang/crates.io-index)",
]

[[package]]
name = "regex"
version = "1.1.2"
source = "registry+https://github.com/rust-lang/crates.io-index"
dependencies = [
 "aho-corasick 0.6.10 (registry+https://github.com/rust-lang/crates.io-index)",
 "memchr 2.2.0 (registry+https://github.com/rust-lang/crates.io-index)",
 "regex-syntax 0.6.5 (registry+https://github.com/rust-lang/crates.io-index)",
 "thread_local 0.3.6 (registry+https://github.com/rust-lang/crates.io-index)",
 "utf8-ranges 1.0.2 (registry+https://github.com/rust-lang/crates.io-index)",
]

[[package]]
name = "regex-syntax"
version = "0.6.5"
source = "registry+https://github.com/rust-lang/crates.io-index"
dependencies = [
 "ucd-util 0.1.3 (registry+https://github.com/rust-lang/crates.io-index)",
]

[[package]]
name = "rustc-demangle"
version = "0.1.13"
source = "registry+https://github.com/rust-lang/crates.io-index"

[[package]]
name = "rusttype"
version = "0.7.5"
source = "registry+https://github.com/rust-lang/crates.io-index"
dependencies = [
 "approx 0.3.1 (registry+https://github.com/rust-lang/crates.io-index)",
 "arrayvec 0.4.10 (registry+https://github.com/rust-lang/crates.io-index)",
 "ordered-float 1.0.1 (registry+https://github.com/rust-lang/crates.io-index)",
 "stb_truetype 0.2.6 (registry+https://github.com/rust-lang/crates.io-index)",
]

[[package]]
name = "ryu"
version = "0.2.7"
source = "registry+https://github.com/rust-lang/crates.io-index"

[[package]]
name = "serde"
version = "1.0.89"
source = "registry+https://github.com/rust-lang/crates.io-index"

[[package]]
name = "serde_derive"
version = "1.0.89"
source = "registry+https://github.com/rust-lang/crates.io-index"
dependencies = [
 "proc-macro2 0.4.27 (registry+https://github.com/rust-lang/crates.io-index)",
 "quote 0.6.11 (registry+https://github.com/rust-lang/crates.io-index)",
 "syn 0.15.29 (registry+https://github.com/rust-lang/crates.io-index)",
]

[[package]]
name = "serde_json"
version = "1.0.39"
source = "registry+https://github.com/rust-lang/crates.io-index"
dependencies = [
 "itoa 0.4.3 (registry+https://github.com/rust-lang/crates.io-index)",
 "ryu 0.2.7 (registry+https://github.com/rust-lang/crates.io-index)",
 "serde 1.0.89 (registry+https://github.com/rust-lang/crates.io-index)",
]

[[package]]
name = "sourcefile"
version = "0.1.4"
source = "registry+https://github.com/rust-lang/crates.io-index"

[[package]]
name = "stb_truetype"
version = "0.2.6"
source = "registry+https://github.com/rust-lang/crates.io-index"
dependencies = [
 "byteorder 1.3.1 (registry+https://github.com/rust-lang/crates.io-index)",
]

[[package]]
name = "syn"
version = "0.15.29"
source = "registry+https://github.com/rust-lang/crates.io-index"
dependencies = [
 "proc-macro2 0.4.27 (registry+https://github.com/rust-lang/crates.io-index)",
 "quote 0.6.11 (registry+https://github.com/rust-lang/crates.io-index)",
 "unicode-xid 0.1.0 (registry+https://github.com/rust-lang/crates.io-index)",
]

[[package]]
name = "synstructure"
version = "0.10.1"
source = "registry+https://github.com/rust-lang/crates.io-index"
dependencies = [
 "proc-macro2 0.4.27 (registry+https://github.com/rust-lang/crates.io-index)",
 "quote 0.6.11 (registry+https://github.com/rust-lang/crates.io-index)",
 "syn 0.15.29 (registry+https://github.com/rust-lang/crates.io-index)",
 "unicode-xid 0.1.0 (registry+https://github.com/rust-lang/crates.io-index)",
]

[[package]]
name = "termcolor"
version = "1.0.4"
source = "registry+https://github.com/rust-lang/crates.io-index"
dependencies = [
 "wincolor 1.0.1 (registry+https://github.com/rust-lang/crates.io-index)",
]

[[package]]
name = "termion"
version = "1.5.1"
source = "registry+https://github.com/rust-lang/crates.io-index"
dependencies = [
 "libc 0.2.50 (registry+https://github.com/rust-lang/crates.io-index)",
 "redox_syscall 0.1.51 (registry+https://github.com/rust-lang/crates.io-index)",
 "redox_termios 0.1.1 (registry+https://github.com/rust-lang/crates.io-index)",
]

[[package]]
name = "thread_local"
version = "0.3.6"
source = "registry+https://github.com/rust-lang/crates.io-index"
dependencies = [
 "lazy_static 1.3.0 (registry+https://github.com/rust-lang/crates.io-index)",
]

[[package]]
name = "ucd-util"
version = "0.1.3"
source = "registry+https://github.com/rust-lang/crates.io-index"

[[package]]
name = "unicode-segmentation"
version = "1.2.1"
source = "registry+https://github.com/rust-lang/crates.io-index"

[[package]]
name = "unicode-xid"
version = "0.1.0"
source = "registry+https://github.com/rust-lang/crates.io-index"

[[package]]
name = "utf8-ranges"
version = "1.0.2"
source = "registry+https://github.com/rust-lang/crates.io-index"

[[package]]
name = "version_check"
version = "0.1.5"
source = "registry+https://github.com/rust-lang/crates.io-index"

[[package]]
name = "wasm-bindgen"
version = "0.2.38"
source = "registry+https://github.com/rust-lang/crates.io-index"
dependencies = [
 "wasm-bindgen-macro 0.2.38 (registry+https://github.com/rust-lang/crates.io-index)",
]

[[package]]
name = "wasm-bindgen-backend"
version = "0.2.38"
source = "registry+https://github.com/rust-lang/crates.io-index"
dependencies = [
 "lazy_static 1.3.0 (registry+https://github.com/rust-lang/crates.io-index)",
 "log 0.4.6 (registry+https://github.com/rust-lang/crates.io-index)",
 "proc-macro2 0.4.27 (registry+https://github.com/rust-lang/crates.io-index)",
 "quote 0.6.11 (registry+https://github.com/rust-lang/crates.io-index)",
 "syn 0.15.29 (registry+https://github.com/rust-lang/crates.io-index)",
 "wasm-bindgen-shared 0.2.38 (registry+https://github.com/rust-lang/crates.io-index)",
]

[[package]]
name = "wasm-bindgen-macro"
version = "0.2.38"
source = "registry+https://github.com/rust-lang/crates.io-index"
dependencies = [
 "quote 0.6.11 (registry+https://github.com/rust-lang/crates.io-index)",
 "wasm-bindgen-macro-support 0.2.38 (registry+https://github.com/rust-lang/crates.io-index)",
]

[[package]]
name = "wasm-bindgen-macro-support"
version = "0.2.38"
source = "registry+https://github.com/rust-lang/crates.io-index"
dependencies = [
 "proc-macro2 0.4.27 (registry+https://github.com/rust-lang/crates.io-index)",
 "quote 0.6.11 (registry+https://github.com/rust-lang/crates.io-index)",
 "syn 0.15.29 (registry+https://github.com/rust-lang/crates.io-index)",
 "wasm-bindgen-backend 0.2.38 (registry+https://github.com/rust-lang/crates.io-index)",
 "wasm-bindgen-shared 0.2.38 (registry+https://github.com/rust-lang/crates.io-index)",
]

[[package]]
name = "wasm-bindgen-shared"
version = "0.2.38"
source = "registry+https://github.com/rust-lang/crates.io-index"

[[package]]
name = "wasm-bindgen-webidl"
version = "0.2.32"
source = "registry+https://github.com/rust-lang/crates.io-index"
dependencies = [
 "failure 0.1.5 (registry+https://github.com/rust-lang/crates.io-index)",
 "heck 0.3.1 (registry+https://github.com/rust-lang/crates.io-index)",
 "log 0.4.6 (registry+https://github.com/rust-lang/crates.io-index)",
 "proc-macro2 0.4.27 (registry+https://github.com/rust-lang/crates.io-index)",
 "quote 0.6.11 (registry+https://github.com/rust-lang/crates.io-index)",
 "syn 0.15.29 (registry+https://github.com/rust-lang/crates.io-index)",
 "wasm-bindgen-backend 0.2.38 (registry+https://github.com/rust-lang/crates.io-index)",
 "weedle 0.8.0 (registry+https://github.com/rust-lang/crates.io-index)",
]

[[package]]
name = "web-sys"
version = "0.3.15"
source = "registry+https://github.com/rust-lang/crates.io-index"
dependencies = [
 "env_logger 0.6.1 (registry+https://github.com/rust-lang/crates.io-index)",
 "failure 0.1.5 (registry+https://github.com/rust-lang/crates.io-index)",
 "js-sys 0.3.15 (registry+https://github.com/rust-lang/crates.io-index)",
 "sourcefile 0.1.4 (registry+https://github.com/rust-lang/crates.io-index)",
 "wasm-bindgen 0.2.38 (registry+https://github.com/rust-lang/crates.io-index)",
 "wasm-bindgen-webidl 0.2.32 (registry+https://github.com/rust-lang/crates.io-index)",
]

[[package]]
name = "weedle"
version = "0.8.0"
source = "registry+https://github.com/rust-lang/crates.io-index"
dependencies = [
 "nom 4.2.2 (registry+https://github.com/rust-lang/crates.io-index)",
]

[[package]]
name = "winapi"
version = "0.3.6"
source = "registry+https://github.com/rust-lang/crates.io-index"
dependencies = [
 "winapi-i686-pc-windows-gnu 0.4.0 (registry+https://github.com/rust-lang/crates.io-index)",
 "winapi-x86_64-pc-windows-gnu 0.4.0 (registry+https://github.com/rust-lang/crates.io-index)",
]

[[package]]
name = "winapi-i686-pc-windows-gnu"
version = "0.4.0"
source = "registry+https://github.com/rust-lang/crates.io-index"

[[package]]
name = "winapi-util"
version = "0.1.2"
source = "registry+https://github.com/rust-lang/crates.io-index"
dependencies = [
 "winapi 0.3.6 (registry+https://github.com/rust-lang/crates.io-index)",
]

[[package]]
name = "winapi-x86_64-pc-windows-gnu"
version = "0.4.0"
source = "registry+https://github.com/rust-lang/crates.io-index"

[[package]]
name = "wincolor"
version = "1.0.1"
source = "registry+https://github.com/rust-lang/crates.io-index"
dependencies = [
 "winapi 0.3.6 (registry+https://github.com/rust-lang/crates.io-index)",
 "winapi-util 0.1.2 (registry+https://github.com/rust-lang/crates.io-index)",
]

[metadata]
"checksum aho-corasick 0.6.10 (registry+https://github.com/rust-lang/crates.io-index)" = "81ce3d38065e618af2d7b77e10c5ad9a069859b4be3c2250f674af3840d9c8a5"
"checksum approx 0.3.1 (registry+https://github.com/rust-lang/crates.io-index)" = "3c57ff1a5b00753647aebbbcf4ea67fa1e711a65ea7a30eb90dbf07de2485aee"
"checksum arrayvec 0.4.10 (registry+https://github.com/rust-lang/crates.io-index)" = "92c7fb76bc8826a8b33b4ee5bb07a247a81e76764ab4d55e8f73e3a4d8808c71"
"checksum atty 0.2.11 (registry+https://github.com/rust-lang/crates.io-index)" = "9a7d5b8723950951411ee34d271d99dddcc2035a16ab25310ea2c8cfd4369652"
"checksum autocfg 0.1.2 (registry+https://github.com/rust-lang/crates.io-index)" = "a6d640bee2da49f60a4068a7fae53acde8982514ab7bae8b8cea9e88cbcfd799"
"checksum backtrace 0.3.14 (registry+https://github.com/rust-lang/crates.io-index)" = "cd5a90e2b463010cd0e0ce9a11d4a9d5d58d9f41d4a6ba3dcaf9e68b466e88b4"
"checksum backtrace-sys 0.1.28 (registry+https://github.com/rust-lang/crates.io-index)" = "797c830ac25ccc92a7f8a7b9862bde440715531514594a6154e3d4a54dd769b6"
"checksum byteorder 1.3.1 (registry+https://github.com/rust-lang/crates.io-index)" = "a019b10a2a7cdeb292db131fc8113e57ea2a908f6e7894b0c3c671893b65dbeb"
"checksum cc 1.0.30 (registry+https://github.com/rust-lang/crates.io-index)" = "d01c69d08ff207f231f07196e30f84c70f1c815b04f980f8b7b01ff01f05eb92"
"checksum cfg-if 0.1.7 (registry+https://github.com/rust-lang/crates.io-index)" = "11d43355396e872eefb45ce6342e4374ed7bc2b3a502d1b28e36d6e23c05d1f4"
"checksum env_logger 0.6.1 (registry+https://github.com/rust-lang/crates.io-index)" = "b61fa891024a945da30a9581546e8cfaf5602c7b3f4c137a2805cf388f92075a"
"checksum failure 0.1.5 (registry+https://github.com/rust-lang/crates.io-index)" = "795bd83d3abeb9220f257e597aa0080a508b27533824adf336529648f6abf7e2"
"checksum failure_derive 0.1.5 (registry+https://github.com/rust-lang/crates.io-index)" = "ea1063915fd7ef4309e222a5a07cf9c319fb9c7836b1f89b85458672dbb127e1"
"checksum heck 0.3.1 (registry+https://github.com/rust-lang/crates.io-index)" = "20564e78d53d2bb135c343b3f47714a56af2061f1c928fdb541dc7b9fdd94205"
"checksum humantime 1.2.0 (registry+https://github.com/rust-lang/crates.io-index)" = "3ca7e5f2e110db35f93b837c81797f3714500b81d517bf20c431b16d3ca4f114"
"checksum itoa 0.4.3 (registry+https://github.com/rust-lang/crates.io-index)" = "1306f3464951f30e30d12373d31c79fbd52d236e5e896fd92f96ec7babbbe60b"
"checksum js-sys 0.3.15 (registry+https://github.com/rust-lang/crates.io-index)" = "09636f30233c2623a9b4bb05506e224733550e2a13b32ab560dc1744fd5103ca"
"checksum lazy_static 1.3.0 (registry+https://github.com/rust-lang/crates.io-index)" = "bc5729f27f159ddd61f4df6228e827e86643d4d3e7c32183cb30a1c08f604a14"
"checksum libc 0.2.50 (registry+https://github.com/rust-lang/crates.io-index)" = "aab692d7759f5cd8c859e169db98ae5b52c924add2af5fbbca11d12fefb567c1"
"checksum log 0.4.6 (registry+https://github.com/rust-lang/crates.io-index)" = "c84ec4b527950aa83a329754b01dbe3f58361d1c5efacd1f6d68c494d08a17c6"
"checksum memchr 2.2.0 (registry+https://github.com/rust-lang/crates.io-index)" = "2efc7bc57c883d4a4d6e3246905283d8dae951bb3bd32f49d6ef297f546e1c39"
"checksum nodrop 0.1.13 (registry+https://github.com/rust-lang/crates.io-index)" = "2f9667ddcc6cc8a43afc9b7917599d7216aa09c463919ea32c59ed6cac8bc945"
"checksum nom 4.2.2 (registry+https://github.com/rust-lang/crates.io-index)" = "22293d25d3f33a8567cc8a1dc20f40c7eeb761ce83d0fcca059858580790cac3"
"checksum num-traits 0.2.6 (registry+https://github.com/rust-lang/crates.io-index)" = "0b3a5d7cc97d6d30d8b9bc8fa19bf45349ffe46241e8816f50f62f6d6aaabee1"
"checksum ordered-float 1.0.1 (registry+https://github.com/rust-lang/crates.io-index)" = "2f0015e9e8e28ee20c581cfbfe47c650cedeb9ed0721090e0b7ebb10b9cdbcc2"
"checksum proc-macro2 0.4.27 (registry+https://github.com/rust-lang/crates.io-index)" = "4d317f9caece796be1980837fd5cb3dfec5613ebdb04ad0956deea83ce168915"
"checksum quick-error 1.2.2 (registry+https://github.com/rust-lang/crates.io-index)" = "9274b940887ce9addde99c4eee6b5c44cc494b182b97e73dc8ffdcb3397fd3f0"
"checksum quote 0.6.11 (registry+https://github.com/rust-lang/crates.io-index)" = "cdd8e04bd9c52e0342b406469d494fcb033be4bdbe5c606016defbb1681411e1"
"checksum redox_syscall 0.1.51 (registry+https://github.com/rust-lang/crates.io-index)" = "423e376fffca3dfa06c9e9790a9ccd282fafb3cc6e6397d01dbf64f9bacc6b85"
"checksum redox_termios 0.1.1 (registry+https://github.com/rust-lang/crates.io-index)" = "7e891cfe48e9100a70a3b6eb652fef28920c117d366339687bd5576160db0f76"
"checksum regex 1.1.2 (registry+https://github.com/rust-lang/crates.io-index)" = "53ee8cfdddb2e0291adfb9f13d31d3bbe0a03c9a402c01b1e24188d86c35b24f"
"checksum regex-syntax 0.6.5 (registry+https://github.com/rust-lang/crates.io-index)" = "8c2f35eedad5295fdf00a63d7d4b238135723f92b434ec06774dad15c7ab0861"
"checksum rustc-demangle 0.1.13 (registry+https://github.com/rust-lang/crates.io-index)" = "adacaae16d02b6ec37fdc7acfcddf365978de76d1983d3ee22afc260e1ca9619"
"checksum rusttype 0.7.5 (registry+https://github.com/rust-lang/crates.io-index)" = "ce3926a2057b315b3e8bca6d1cec1e97f19436a8f9127621cd538cda9c96a38b"
"checksum ryu 0.2.7 (registry+https://github.com/rust-lang/crates.io-index)" = "eb9e9b8cde282a9fe6a42dd4681319bfb63f121b8a8ee9439c6f4107e58a46f7"
"checksum serde 1.0.89 (registry+https://github.com/rust-lang/crates.io-index)" = "92514fb95f900c9b5126e32d020f5c6d40564c27a5ea6d1d7d9f157a96623560"
"checksum serde_derive 1.0.89 (registry+https://github.com/rust-lang/crates.io-index)" = "bb6eabf4b5914e88e24eea240bb7c9f9a2cbc1bbbe8d961d381975ec3c6b806c"
"checksum serde_json 1.0.39 (registry+https://github.com/rust-lang/crates.io-index)" = "5a23aa71d4a4d43fdbfaac00eff68ba8a06a51759a89ac3304323e800c4dd40d"
"checksum sourcefile 0.1.4 (registry+https://github.com/rust-lang/crates.io-index)" = "4bf77cb82ba8453b42b6ae1d692e4cdc92f9a47beaf89a847c8be83f4e328ad3"
"checksum stb_truetype 0.2.6 (registry+https://github.com/rust-lang/crates.io-index)" = "69b7df505db8e81d54ff8be4693421e5b543e08214bd8d99eb761fcb4d5668ba"
"checksum syn 0.15.29 (registry+https://github.com/rust-lang/crates.io-index)" = "1825685f977249735d510a242a6727b46efe914bb67e38d30c071b1b72b1d5c2"
"checksum synstructure 0.10.1 (registry+https://github.com/rust-lang/crates.io-index)" = "73687139bf99285483c96ac0add482c3776528beac1d97d444f6e91f203a2015"
"checksum termcolor 1.0.4 (registry+https://github.com/rust-lang/crates.io-index)" = "4096add70612622289f2fdcdbd5086dc81c1e2675e6ae58d6c4f62a16c6d7f2f"
"checksum termion 1.5.1 (registry+https://github.com/rust-lang/crates.io-index)" = "689a3bdfaab439fd92bc87df5c4c78417d3cbe537487274e9b0b2dce76e92096"
"checksum thread_local 0.3.6 (registry+https://github.com/rust-lang/crates.io-index)" = "c6b53e329000edc2b34dbe8545fd20e55a333362d0a321909685a19bd28c3f1b"
"checksum ucd-util 0.1.3 (registry+https://github.com/rust-lang/crates.io-index)" = "535c204ee4d8434478593480b8f86ab45ec9aae0e83c568ca81abf0fd0e88f86"
"checksum unicode-segmentation 1.2.1 (registry+https://github.com/rust-lang/crates.io-index)" = "aa6024fc12ddfd1c6dbc14a80fa2324d4568849869b779f6bd37e5e4c03344d1"
"checksum unicode-xid 0.1.0 (registry+https://github.com/rust-lang/crates.io-index)" = "fc72304796d0818e357ead4e000d19c9c174ab23dc11093ac919054d20a6a7fc"
"checksum utf8-ranges 1.0.2 (registry+https://github.com/rust-lang/crates.io-index)" = "796f7e48bef87609f7ade7e06495a87d5cd06c7866e6a5cbfceffc558a243737"
"checksum version_check 0.1.5 (registry+https://github.com/rust-lang/crates.io-index)" = "914b1a6776c4c929a602fafd8bc742e06365d4bcbe48c30f9cca5824f70dc9dd"
"checksum wasm-bindgen 0.2.38 (registry+https://github.com/rust-lang/crates.io-index)" = "f7148f7446b911dd8e8d490a4fd44bf7fcd6caa21ba2fed9aef7bf34b9a974d4"
"checksum wasm-bindgen-backend 0.2.38 (registry+https://github.com/rust-lang/crates.io-index)" = "07b7b7e0a5c244e02469d7ad0f071dca0a01a7be217db41e4de5e05d4a1ab2ac"
"checksum wasm-bindgen-macro 0.2.38 (registry+https://github.com/rust-lang/crates.io-index)" = "e51818f0ab6cdef85125d2c2f1a89096370286fe229d24de89504617918d76af"
"checksum wasm-bindgen-macro-support 0.2.38 (registry+https://github.com/rust-lang/crates.io-index)" = "4770fd638bed46ce4669cb59aba4657e264839c24c568cc03d772849bfaed7eb"
"checksum wasm-bindgen-shared 0.2.38 (registry+https://github.com/rust-lang/crates.io-index)" = "6f52047198d1887ffd4e508264bffbf92382a97c8b09b74781dbb11ee055ccc5"
"checksum wasm-bindgen-webidl 0.2.32 (registry+https://github.com/rust-lang/crates.io-index)" = "264e2ff77974c11640a2c6a91435f645843d2bd7e12e3ce58ac74209e6d5f76d"
"checksum web-sys 0.3.15 (registry+https://github.com/rust-lang/crates.io-index)" = "7a9c8ff79e13b74f47f438cd48de2ed808c419cd52ec4780dfc6d1de4a37be19"
"checksum weedle 0.8.0 (registry+https://github.com/rust-lang/crates.io-index)" = "26a4c67f132386d965390b8a734d5d10adbcd30eb5cc74bd9229af8b83f10044"
"checksum winapi 0.3.6 (registry+https://github.com/rust-lang/crates.io-index)" = "92c1eb33641e276cfa214a0522acad57be5c56b10cb348b3c5117db75f3ac4b0"
"checksum winapi-i686-pc-windows-gnu 0.4.0 (registry+https://github.com/rust-lang/crates.io-index)" = "ac3b87c63620426dd9b991e5ce0329eff545bccbbb34f3be09ff6fb6ab51b7b6"
"checksum winapi-util 0.1.2 (registry+https://github.com/rust-lang/crates.io-index)" = "7168bab6e1daee33b4557efd0e95d5ca70a03706d39fa5f3fe7a236f584b03c9"
"checksum winapi-x86_64-pc-windows-gnu 0.4.0 (registry+https://github.com/rust-lang/crates.io-index)" = "712e227841d057c1ee1cd2fb22fa7e5a5461ae8e48fa2ca79ec42cfc1931183f"
"checksum wincolor 1.0.1 (registry+https://github.com/rust-lang/crates.io-index)" = "561ed901ae465d6185fa7864d63fbd5720d0ef718366c9a4dc83cf6170d7e9ba"
